
Microsoft Visual Studio Solution File, Format Version 12.00
# Visual Studio Version 17
VisualStudioVersion = 17.14.36429.23 d17.14
MinimumVisualStudioVersion = 10.0.40219.1
Project("{FAE04EC0-301F-11D3-BF4B-00C04F79EFBC}") = "CarpenterApp", "CarpenterApp\CarpenterApp.csproj", "{03CEA4C0-169F-41E4-A24E-A9B4F85DDBB4}"
EndProject
Global
	GlobalSection(SolutionConfigurationPlatforms) = preSolution
		Debug|Any CPU = Debug|Any CPU
		Release|Any CPU = Release|Any CPU
	EndGlobalSection
	GlobalSection(ProjectConfigurationPlatforms) = postSolution
		{03CEA4C0-169F-41E4-A24E-A9B4F85DDBB4}.Debug|Any CPU.ActiveCfg = Debug|Any CPU
		{03CEA4C0-169F-41E4-A24E-A9B4F85DDBB4}.Debug|Any CPU.Build.0 = Debug|Any CPU
		{03CEA4C0-169F-41E4-A24E-A9B4F85DDBB4}.Release|Any CPU.ActiveCfg = Release|Any CPU
		{03CEA4C0-169F-41E4-A24E-A9B4F85DDBB4}.Release|Any CPU.Build.0 = Release|Any CPU
	EndGlobalSection
	GlobalSection(SolutionProperties) = preSolution
		HideSolutionNode = FALSE
	EndGlobalSection
	GlobalSection(ExtensibilityGlobals) = postSolution
		SolutionGuid = {2B3C30B3-A0A5-482D-9E19-E1C6BB9719C8}
	EndGlobalSection
EndGlobal
